
Microsoft Visual Studio Solution File, Format Version 12.00
# Visual Studio 15
VisualStudioVersion = 15.0.26430.6
MinimumVisualStudioVersion = 10.0.40219.1
Project("{FAE04EC0-301F-11D3-BF4B-00C04F79EFBC}") = "front", "frontend\front.csproj", "{570D5EF0-31CC-4C6E-BE80-1F6FF10ACFD1}"
EndProject
Project("{FAE04EC0-301F-11D3-BF4B-00C04F79EFBC}") = "Domain", "Domain\Domain.csproj", "{CD3A8362-4C47-4609-8E59-DBD8F0AA2330}"
EndProject
Project("{FAE04EC0-301F-11D3-BF4B-00C04F79EFBC}") = "Data", "Data\Data.csproj", "{C174C27A-8E4C-4416-8DFB-E47061128147}"
EndProject
Project("{FAE04EC0-301F-11D3-BF4B-00C04F79EFBC}") = "common", "common\common.csproj", "{2202C772-E5A0-43F5-80C1-2DF46E8875E6}"
EndProject
Global
	GlobalSection(SolutionConfigurationPlatforms) = preSolution
		Debug|Any CPU = Debug|Any CPU
		Release|Any CPU = Release|Any CPU
	EndGlobalSection
	GlobalSection(ProjectConfigurationPlatforms) = postSolution
		{570D5EF0-31CC-4C6E-BE80-1F6FF10ACFD1}.Debug|Any CPU.ActiveCfg = Debug|Any CPU
		{570D5EF0-31CC-4C6E-BE80-1F6FF10ACFD1}.Debug|Any CPU.Build.0 = Debug|Any CPU
		{570D5EF0-31CC-4C6E-BE80-1F6FF10ACFD1}.Release|Any CPU.ActiveCfg = Release|Any CPU
		{570D5EF0-31CC-4C6E-BE80-1F6FF10ACFD1}.Release|Any CPU.Build.0 = Release|Any CPU
		{CD3A8362-4C47-4609-8E59-DBD8F0AA2330}.Debug|Any CPU.ActiveCfg = Debug|Any CPU
		{CD3A8362-4C47-4609-8E59-DBD8F0AA2330}.Debug|Any CPU.Build.0 = Debug|Any CPU
		{CD3A8362-4C47-4609-8E59-DBD8F0AA2330}.Release|Any CPU.ActiveCfg = Release|Any CPU
		{CD3A8362-4C47-4609-8E59-DBD8F0AA2330}.Release|Any CPU.Build.0 = Release|Any CPU
		{C174C27A-8E4C-4416-8DFB-E47061128147}.Debug|Any CPU.ActiveCfg = Debug|Any CPU
		{C174C27A-8E4C-4416-8DFB-E47061128147}.Debug|Any CPU.Build.0 = Debug|Any CPU
		{C174C27A-8E4C-4416-8DFB-E47061128147}.Release|Any CPU.ActiveCfg = Release|Any CPU
		{C174C27A-8E4C-4416-8DFB-E47061128147}.Release|Any CPU.Build.0 = Release|Any CPU
		{2202C772-E5A0-43F5-80C1-2DF46E8875E6}.Debug|Any CPU.ActiveCfg = Debug|Any CPU
		{2202C772-E5A0-43F5-80C1-2DF46E8875E6}.Debug|Any CPU.Build.0 = Debug|Any CPU
		{2202C772-E5A0-43F5-80C1-2DF46E8875E6}.Release|Any CPU.ActiveCfg = Release|Any CPU
		{2202C772-E5A0-43F5-80C1-2DF46E8875E6}.Release|Any CPU.Build.0 = Release|Any CPU
	EndGlobalSection
	GlobalSection(SolutionProperties) = preSolution
		HideSolutionNode = FALSE
	EndGlobalSection
EndGlobal
